{
  "name": "Gamer Tools",
  "lockfileVersion": 3,
  "requires": true,
  "packages": {
    "": {
      "dependencies": {
        "ripgrep": "^0.3.1"
      }
    },
    "node_modules/ripgrep": {
      "version": "0.3.1",
      "resolved": "https://registry.npmjs.org/ripgrep/-/ripgrep-0.3.1.tgz",
      "integrity": "sha512-6bDtNIBh1qPviVIU685/4uv0Ap5t8eS4wiJhy/tR2LdIeIey9CVasENlGS+ul3HnTmGANIp7AjnfsztsRmALfQ==",
      "license": "MIT",
      "bin": {
        "rg": "lib/rg.mjs",
        "ripgrep": "lib/rg.mjs"
      }
    }
  }
}
